<Project xmlns="http://schemas.microsoft.com/developer/msbuild/2003">
    <PropertyGroup>
        <ProjectGuid>{18C19910-6BD0-43C8-B9FA-9A51E61D3B46}</ProjectGuid>
        <MainSource>Conversor.dpr</MainSource>
        <Base>True</Base>
        <Config Condition="'$(Config)'==''">Debug</Config>
        <TargetedPlatforms>1</TargetedPlatforms>
        <AppType>Application</AppType>
        <FrameworkType>VCL</FrameworkType>
        <ProjectVersion>14.6</ProjectVersion>
        <Platform Condition="'$(Platform)'==''">Win32</Platform>
    </PropertyGroup>
    <PropertyGroup Condition="'$(Config)'=='Base' or '$(Base)'!=''">
        <Base>true</Base>
    </PropertyGroup>
    <PropertyGroup Condition="('$(Platform)'=='Win32' and '$(Base)'=='true') or '$(Base_Win32)'!=''">
        <Base_Win32>true</Base_Win32>
        <CfgParent>Base</CfgParent>
        <Base>true</Base>
    </PropertyGroup>
    <PropertyGroup Condition="('$(Platform)'=='Win64' and '$(Base)'=='true') or '$(Base_Win64)'!=''">
        <Base_Win64>true</Base_Win64>
        <CfgParent>Base</CfgParent>
        <Base>true</Base>
    </PropertyGroup>
    <PropertyGroup Condition="'$(Config)'=='Release' or '$(Cfg_1)'!=''">
        <Cfg_1>true</Cfg_1>
        <CfgParent>Base</CfgParent>
        <Base>true</Base>
    </PropertyGroup>
    <PropertyGroup Condition="'$(Config)'=='Debug' or '$(Cfg_2)'!=''">
        <Cfg_2>true</Cfg_2>
        <CfgParent>Base</CfgParent>
        <Base>true</Base>
    </PropertyGroup>
    <PropertyGroup Condition="'$(Base)'!=''">
        <DCC_S>false</DCC_S>
        <DCC_E>false</DCC_E>
        <DCC_ExeOutput>C:\temp\exe</DCC_ExeOutput>
        <DCC_SymbolReferenceInfo>1</DCC_SymbolReferenceInfo>
        <VerInfo_Locale>1046</VerInfo_Locale>
        <DCC_Define>EUREKALOG;EUREKALOG_VER6;$(DCC_Define)</DCC_Define>
        <DCC_Namespace>Vcl;Vcl.Imaging;Vcl.Touch;Vcl.Samples;Vcl.Shell;System;Xml;Data;Datasnap;Web;Soap;Winapi;Bde;$(DCC_Namespace)</DCC_Namespace>
        <DCC_ImageBase>00400000</DCC_ImageBase>
        <VerInfo_Keys>CompanyName=;FileDescription=;FileVersion=1.0.0.0;InternalName=;LegalCopyright=;LegalTrademarks=;OriginalFilename=;ProductName=;ProductVersion=1.0.0.0;Comments=</VerInfo_Keys>
        <DCC_MapFile>3</DCC_MapFile>
        <DCC_UsePackage>rtl;vcl;vclx;vclie;xmlrtl;inetdbbde;inet;inetdbxpress;dbrtl;soaprtl;dsnap;VclSmp;dbexpress;vcldb;dbxcds;inetdb;bdertl;vcldbx;adortl;ibxpress;visualclx;visualdbclx;vclactnband;vclshlctrls;IntrawebDB_50_70;Intraweb_50_70;Rave50CLX;Rave50VCL;dclOfficeXP;dacvcl70;dac70;unidacvcl70;unidac70;CRControls70;AltLib_Local;AltLib_WMail;CachedTable;F157_R70;dxThemeD7;dxGDIPlusD7;cxLibraryVCLD7;dxCoreD7;cxDataD7;cxEditorsVCLD7;dxComnD7;dxBarD7;cxBarEditItemD7;cxExtEditorsVCLD7;cxGridD7;cxPageControlVCLD7;cxPivotGridD7;cxSchedulerVCLD7;cxTreeListVCLD7;dxBarDBNavD7;dxBarExtItemsD7;dxdborD7;dxorgcD7;dxdbtrD7;dxDockingD7;dxmdsD7;dxPSCoreD7;dxRibbonD7;IndyCore70;IndySystem70;IndyProtocols70;rbRIDE97;rbIDE97;rbRAP97;rbRCL97;rbTCUI117;rbTC117;rbPDF97;rbCIDE97;rbBDE97;rbUSERDesign97;rbUSER97;rxctl7;rxbde7;rxdb7;Tee87;TeeUI87;TeeDB87;TeeWorld87;TeePro87;TeeLanguage87;TeeGL87;TeeQR87;vclZipForged7;CPortLib7;dxPScxCommonD7;dxPSLnksD7;dxPScxExtCommonD7;dxPScxGrid6LnkD7;dxPScxPCProdD7;dxPScxSchedulerLnkD7;dxPScxTLLnkD7;dxPSDBTeeChartD7;dxPSTeeChartD7;dxPSdxDBOCLnkD7;dxPSdxOCLnkD7;dxPSdxDBTLLnkD7;dxPSdxDBCtrlLnkD7;EQDBTLD7;dxPSTLLnkD7;ECQDBCD7;dxDBEdD7;EQTLD7;dxPSdxDBTVLnkD7;dxPsPrVwAdvD7;FIBDBMidas7;IBO40CRT_D7;IBO40FRT_D7;IBO40VRT_D7;IBO40TRT_D7;IBO40FTS_D7;IBO40RPL_D7;IBO40WRT_D7;IBO40WXDT_D7;IBO40WXRT_D7;IBO40XRT_D7;Just1;QR4RunD7;rbDB97;rbADO97;rbDAD97;rbDBDE97;rbDBE97;rbIBE97;rbTDBC117;SMExportD7;SMImportD7;TeeImage87;VCLZipD7_3;WinSkinD7R;XDevice7;XFormat7;xtrafil;altlib_campospersonalizados;altlib_skin;altlib_interface;altlib_htmlhelp;altlib_paineis;altlib_datasetsearch;altlib_setuptable;altlib_database;altlib_databaseini;altlib_codigos;altlib_edits;altlib_progresswindow;AltLib_raAlterdata;altlib_resources;altlib_devexpress_localization;altlib_panelbutton;Altlib_LoadingProgress;altlib_sqlgrid;altlib_msnpopup;altlib_logdatasource;altlib_combonacionalidade;altlib_combouf;altlib_monthcalendar;AltLib_CheckMessage;altlib_calculatordx;altlib_calculadora;altlib_lockdatabase;altlib_setupmemdata;altlib_restricoes;altlib_acessorestrito;altlib_livechat;altlib_reportstandard;AltLib_PPIDTech;altlib_livedesktop;altlib_stdimage;altlib_modulos;altlib_vcltranslator;altlib_configuradorpadrao;altlib_AcessoUsuario;altlib_pluginrestricao;altlib_pluginapi;cxExportVCLD7;rbCT97;altlib_dbreg;altlib_filtrocampospersonalizados;rbDIDE97;altlib_SecConn;altlib_auditoreventos;altlib_dialogforms;altlib_databasestart;altlib_assistenciaremota;altlib_modulocontainer;altlib_databaseskin;altlibpack_altcontroller;altlib_qualityassurance;altlib_verificacoesIniciais;altlibpack_sendmail;altlibpack_components;altlibpack_setupprintqrp;altlibpack_selectpadrao;dxForumLibD7;$(DCC_UsePackage)</DCC_UsePackage>
        <DCC_K>false</DCC_K>
        <DCC_DcpOutput>C:\temp\bpl</DCC_DcpOutput>
        <DCC_DcuOutput>C:\temp\dcu</DCC_DcuOutput>
        <DCC_N>true</DCC_N>
        <DCC_F>false</DCC_F>
    </PropertyGroup>
    <PropertyGroup Condition="'$(Base_Win32)'!=''">
        <Manifest_File>$(BDS)\bin\default_app.manifest</Manifest_File>
        <VerInfo_Locale>1033</VerInfo_Locale>
        <DCC_Namespace>Winapi;System.Win;Data.Win;Datasnap.Win;Web.Win;Soap.Win;Xml.Win;Bde;$(DCC_Namespace)</DCC_Namespace>
        <Icon_MainIcon>Conversor_Icon.ico</Icon_MainIcon>
        <VerInfo_IncludeVerInfo>true</VerInfo_IncludeVerInfo>
    </PropertyGroup>
    <PropertyGroup Condition="'$(Base_Win64)'!=''">
        <Icon_MainIcon>Conversor_Icon.ico</Icon_MainIcon>
    </PropertyGroup>
    <PropertyGroup Condition="'$(Cfg_1)'!=''">
        <DCC_LocalDebugSymbols>false</DCC_LocalDebugSymbols>
        <DCC_Define>RELEASE;$(DCC_Define)</DCC_Define>
        <DCC_DebugInformation>false</DCC_DebugInformation>
        <DCC_SymbolReferenceInfo>0</DCC_SymbolReferenceInfo>
    </PropertyGroup>
    <PropertyGroup Condition="'$(Cfg_2)'!=''">
        <DCC_Define>DEBUG;$(DCC_Define)</DCC_Define>
        <DCC_GenerateStackFrames>true</DCC_GenerateStackFrames>
        <DCC_Optimize>false</DCC_Optimize>
    </PropertyGroup>
    <ItemGroup>
        <DelphiCompile Include="$(MainSource)">
            <MainSource>MainSource</MainSource>
        </DelphiCompile>
        <DCCReference Include="uPrincipal.pas">
            <Form>Form1</Form>
        </DCCReference>
        <DCCReference Include="uConexao.pas"/>
        <DCCReference Include="uProgress.pas">
            <Form>frmProgress</Form>
        </DCCReference>
        <BuildConfiguration Include="Debug">
            <Key>Cfg_2</Key>
            <CfgParent>Base</CfgParent>
        </BuildConfiguration>
        <BuildConfiguration Include="Base">
            <Key>Base</Key>
        </BuildConfiguration>
        <BuildConfiguration Include="Release">
            <Key>Cfg_1</Key>
            <CfgParent>Base</CfgParent>
        </BuildConfiguration>
    </ItemGroup>
    <ProjectExtensions>
        <Borland.Personality>Delphi.Personality.12</Borland.Personality>
        <Borland.ProjectType/>
        <BorlandProject>
            <Delphi.Personality>
                <Source>
                    <Source Name="MainSource">Conversor.dpr</Source>
                </Source>
                <Language>
                    <Language Name="RootDir">D:\Projetos\projeto Delphi\Conversor Teste\</Language>
                </Language>
                <VersionInfo>
                    <VersionInfo Name="IncludeVerInfo">False</VersionInfo>
                    <VersionInfo Name="AutoIncBuild">False</VersionInfo>
                    <VersionInfo Name="MajorVer">1</VersionInfo>
                    <VersionInfo Name="MinorVer">0</VersionInfo>
                    <VersionInfo Name="Release">0</VersionInfo>
                    <VersionInfo Name="Build">0</VersionInfo>
                    <VersionInfo Name="Debug">False</VersionInfo>
                    <VersionInfo Name="PreRelease">False</VersionInfo>
                    <VersionInfo Name="Special">False</VersionInfo>
                    <VersionInfo Name="Private">False</VersionInfo>
                    <VersionInfo Name="DLL">False</VersionInfo>
                    <VersionInfo Name="Locale">1046</VersionInfo>
                    <VersionInfo Name="CodePage">1252</VersionInfo>
                </VersionInfo>
                <VersionInfoKeys>
                    <VersionInfoKeys Name="CompanyName"/>
                    <VersionInfoKeys Name="FileDescription"/>
                    <VersionInfoKeys Name="FileVersion">1.0.0.0</VersionInfoKeys>
                    <VersionInfoKeys Name="InternalName"/>
                    <VersionInfoKeys Name="LegalCopyright"/>
                    <VersionInfoKeys Name="LegalTrademarks"/>
                    <VersionInfoKeys Name="OriginalFilename"/>
                    <VersionInfoKeys Name="ProductName"/>
                    <VersionInfoKeys Name="ProductVersion">1.0.0.0</VersionInfoKeys>
                    <VersionInfoKeys Name="Comments"/>
                </VersionInfoKeys>
            </Delphi.Personality>
            <Platforms>
                <Platform value="Win32">True</Platform>
                <Platform value="Win64">False</Platform>
            </Platforms>
        </BorlandProject>
        <ProjectFileVersion>12</ProjectFileVersion>
    </ProjectExtensions>
    <Import Project="$(BDS)\Bin\CodeGear.Delphi.Targets" Condition="Exists('$(BDS)\Bin\CodeGear.Delphi.Targets')"/>
    <Import Project="$(APPDATA)\Embarcadero\$(BDSAPPDATABASEDIR)\$(PRODUCTVERSION)\UserTools.proj" Condition="Exists('$(APPDATA)\Embarcadero\$(BDSAPPDATABASEDIR)\$(PRODUCTVERSION)\UserTools.proj')"/>
</Project>
